// !$*UTF8*$!
{
	archiveVersion = 1;
	classes = {
	};
	objectVersion = 55;
	objects = {

/* Begin PBXBuildFile section */
		4D855BE028BD076C001FB9A1 /* SnakeGame WatchKit App.app in Embed Watch Content */ = {isa = PBXBuildFile; fileRef = 4D855BDF28BD076C001FB9A1 /* SnakeGame WatchKit App.app */; settings = {ATTRIBUTES = (RemoveHeadersOnCopy, ); }; };
		4D855BE528BD076F001FB9A1 /* Assets.xcassets in Resources */ = {isa = PBXBuildFile; fileRef = 4D855BE428BD076F001FB9A1 /* Assets.xcassets */; };
		4D855BEB28BD076F001FB9A1 /* SnakeGame WatchKit Extension.appex in Embed App Extensions */ = {isa = PBXBuildFile; fileRef = 4D855BEA28BD076F001FB9A1 /* SnakeGame WatchKit Extension.appex */; settings = {ATTRIBUTES = (RemoveHeadersOnCopy, ); }; };
		4D855BF028BD076F001FB9A1 /* SnakeGameApp.swift in Sources */ = {isa = PBXBuildFile; fileRef = 4D855BEF28BD076F001FB9A1 /* SnakeGameApp.swift */; };
		4D855BF228BD076F001FB9A1 /* ContentView.swift in Sources */ = {isa = PBXBuildFile; fileRef = 4D855BF128BD076F001FB9A1 /* ContentView.swift */; };
		4D855BF428BD076F001FB9A1 /* NotificationController.swift in Sources */ = {isa = PBXBuildFile; fileRef = 4D855BF328BD076F001FB9A1 /* NotificationController.swift */; };
		4D855BF628BD076F001FB9A1 /* NotificationView.swift in Sources */ = {isa = PBXBuildFile; fileRef = 4D855BF528BD076F001FB9A1 /* NotificationView.swift */; };
		4D855BF828BD076F001FB9A1 /* ComplicationController.swift in Sources */ = {isa = PBXBuildFile; fileRef = 4D855BF728BD076F001FB9A1 /* ComplicationController.swift */; };
		4D855BFA28BD0770001FB9A1 /* Assets.xcassets in Resources */ = {isa = PBXBuildFile; fileRef = 4D855BF928BD0770001FB9A1 /* Assets.xcassets */; };
		4D855BFD28BD0770001FB9A1 /* Preview Assets.xcassets in Resources */ = {isa = PBXBuildFile; fileRef = 4D855BFC28BD0770001FB9A1 /* Preview Assets.xcassets */; };
		4D855C0928BD0770001FB9A1 /* SnakeGameTests.swift in Sources */ = {isa = PBXBuildFile; fileRef = 4D855C0828BD0770001FB9A1 /* SnakeGameTests.swift */; };
		4D855C1328BD0770001FB9A1 /* SnakeGameUITests.swift in Sources */ = {isa = PBXBuildFile; fileRef = 4D855C1228BD0770001FB9A1 /* SnakeGameUITests.swift */; };
		4D855C1528BD0770001FB9A1 /* SnakeGameUITestsLaunchTests.swift in Sources */ = {isa = PBXBuildFile; fileRef = 4D855C1428BD0770001FB9A1 /* SnakeGameUITestsLaunchTests.swift */; };
/* End PBXBuildFile section */

/* Begin PBXContainerItemProxy section */
		4D855BE128BD076C001FB9A1 /* PBXContainerItemProxy */ = {
			isa = PBXContainerItemProxy;
			containerPortal = 4D855BD528BD076C001FB9A1 /* Project object */;
			proxyType = 1;
			remoteGlobalIDString = 4D855BDE28BD076C001FB9A1;
			remoteInfo = "SnakeGame WatchKit App";
		};
		4D855BEC28BD076F001FB9A1 /* PBXContainerItemProxy */ = {
			isa = PBXContainerItemProxy;
			containerPortal = 4D855BD528BD076C001FB9A1 /* Project object */;
			proxyType = 1;
			remoteGlobalIDString = 4D855BE928BD076F001FB9A1;
			remoteInfo = "SnakeGame WatchKit Extension";
		};
		4D855C0528BD0770001FB9A1 /* PBXContainerItemProxy */ = {
			isa = PBXContainerItemProxy;
			containerPortal = 4D855BD528BD076C001FB9A1 /* Project object */;
			proxyType = 1;
			remoteGlobalIDString = 4D855BE928BD076F001FB9A1;
			remoteInfo = "SnakeGame WatchKit Extension";
		};
		4D855C0F28BD0770001FB9A1 /* PBXContainerItemProxy */ = {
			isa = PBXContainerItemProxy;
			containerPortal = 4D855BD528BD076C001FB9A1 /* Project object */;
			proxyType = 1;
			remoteGlobalIDString = 4D855BDE28BD076C001FB9A1;
			remoteInfo = "SnakeGame WatchKit App";
		};
/* End PBXContainerItemProxy section */

/* Begin PBXCopyFilesBuildPhase section */
		4D855C1B28BD0770001FB9A1 /* Embed App Extensions */ = {
			isa = PBXCopyFilesBuildPhase;
			buildActionMask = 2147483647;
			dstPath = "";
			dstSubfolderSpec = 13;
			files = (
				4D855BEB28BD076F001FB9A1 /* SnakeGame WatchKit Extension.appex in Embed App Extensions */,
			);
			name = "Embed App Extensions";
			runOnlyForDeploymentPostprocessing = 0;
		};
		4D855C1F28BD0770001FB9A1 /* Embed Watch Content */ = {
			isa = PBXCopyFilesBuildPhase;
			buildActionMask = 2147483647;
			dstPath = "$(CONTENTS_FOLDER_PATH)/Watch";
			dstSubfolderSpec = 16;
			files = (
				4D855BE028BD076C001FB9A1 /* SnakeGame WatchKit App.app in Embed Watch Content */,
			);
			name = "Embed Watch Content";
			runOnlyForDeploymentPostprocessing = 0;
		};
/* End PBXCopyFilesBuildPhase section */

/* Begin PBXFileReference section */
		4D855BDB28BD076C001FB9A1 /* SnakeGame.app */ = {isa = PBXFileReference; explicitFileType = wrapper.application; includeInIndex = 0; path = SnakeGame.app; sourceTree = BUILT_PRODUCTS_DIR; };
		4D855BDF28BD076C001FB9A1 /* SnakeGame WatchKit App.app */ = {isa = PBXFileReference; explicitFileType = wrapper.application; includeInIndex = 0; path = "SnakeGame WatchKit App.app"; sourceTree = BUILT_PRODUCTS_DIR; };
		4D855BE428BD076F001FB9A1 /* Assets.xcassets */ = {isa = PBXFileReference; lastKnownFileType = folder.assetcatalog; path = Assets.xcassets; sourceTree = "<group>"; };
		4D855BEA28BD076F001FB9A1 /* SnakeGame WatchKit Extension.appex */ = {isa = PBXFileReference; explicitFileType = "wrapper.app-extension"; includeInIndex = 0; path = "SnakeGame WatchKit Extension.appex"; sourceTree = BUILT_PRODUCTS_DIR; };
		4D855BEF28BD076F001FB9A1 /* SnakeGameApp.swift */ = {isa = PBXFileReference; lastKnownFileType = sourcecode.swift; path = SnakeGameApp.swift; sourceTree = "<group>"; };
		4D855BF128BD076F001FB9A1 /* ContentView.swift */ = {isa = PBXFileReference; lastKnownFileType = sourcecode.swift; path = ContentView.swift; sourceTree = "<group>"; };
		4D855BF328BD076F001FB9A1 /* NotificationController.swift */ = {isa = PBXFileReference; lastKnownFileType = sourcecode.swift; path = NotificationController.swift; sourceTree = "<group>"; };
		4D855BF528BD076F001FB9A1 /* NotificationView.swift */ = {isa = PBXFileReference; lastKnownFileType = sourcecode.swift; path = NotificationView.swift; sourceTree = "<group>"; };
		4D855BF728BD076F001FB9A1 /* ComplicationController.swift */ = {isa = PBXFileReference; lastKnownFileType = sourcecode.swift; path = ComplicationController.swift; sourceTree = "<group>"; };
		4D855BF928BD0770001FB9A1 /* Assets.xcassets */ = {isa = PBXFileReference; lastKnownFileType = folder.assetcatalog; path = Assets.xcassets; sourceTree = "<group>"; };
		4D855BFC28BD0770001FB9A1 /* Preview Assets.xcassets */ = {isa = PBXFileReference; lastKnownFileType = folder.assetcatalog; path = "Preview Assets.xcassets"; sourceTree = "<group>"; };
		4D855BFE28BD0770001FB9A1 /* Info.plist */ = {isa = PBXFileReference; lastKnownFileType = text.plist.xml; path = Info.plist; sourceTree = "<group>"; };
		4D855BFF28BD0770001FB9A1 /* PushNotificationPayload.apns */ = {isa = PBXFileReference; lastKnownFileType = text; path = PushNotificationPayload.apns; sourceTree = "<group>"; };
		4D855C0428BD0770001FB9A1 /* SnakeGameTests.xctest */ = {isa = PBXFileReference; explicitFileType = wrapper.cfbundle; includeInIndex = 0; path = SnakeGameTests.xctest; sourceTree = BUILT_PRODUCTS_DIR; };
		4D855C0828BD0770001FB9A1 /* SnakeGameTests.swift */ = {isa = PBXFileReference; lastKnownFileType = sourcecode.swift; path = SnakeGameTests.swift; sourceTree = "<group>"; };
		4D855C0E28BD0770001FB9A1 /* SnakeGameUITests.xctest */ = {isa = PBXFileReference; explicitFileType = wrapper.cfbundle; includeInIndex = 0; path = SnakeGameUITests.xctest; sourceTree = BUILT_PRODUCTS_DIR; };
		4D855C1228BD0770001FB9A1 /* SnakeGameUITests.swift */ = {isa = PBXFileReference; lastKnownFileType = sourcecode.swift; path = SnakeGameUITests.swift; sourceTree = "<group>"; };
		4D855C1428BD0770001FB9A1 /* SnakeGameUITestsLaunchTests.swift */ = {isa = PBXFileReference; lastKnownFileType = sourcecode.swift; path = SnakeGameUITestsLaunchTests.swift; sourceTree = "<group>"; };
/* End PBXFileReference section */

/* Begin PBXFrameworksBuildPhase section */
		4D855BE728BD076F001FB9A1 /* Frameworks */ = {
			isa = PBXFrameworksBuildPhase;
			buildActionMask = 2147483647;
			files = (
			);
			runOnlyForDeploymentPostprocessing = 0;
		};
		4D855C0128BD0770001FB9A1 /* Frameworks */ = {
			isa = PBXFrameworksBuildPhase;
			buildActionMask = 2147483647;
			files = (
			);
			runOnlyForDeploymentPostprocessing = 0;
		};
		4D855C0B28BD0770001FB9A1 /* Frameworks */ = {
			isa = PBXFrameworksBuildPhase;
			buildActionMask = 2147483647;
			files = (
			);
			runOnlyForDeploymentPostprocessing = 0;
		};
/* End PBXFrameworksBuildPhase section */

/* Begin PBXGroup section */
		4D855BD428BD076C001FB9A1 = {
			isa = PBXGroup;
			children = (
				4D855BE328BD076C001FB9A1 /* SnakeGame WatchKit App */,
				4D855BEE28BD076F001FB9A1 /* SnakeGame WatchKit Extension */,
				4D855C0728BD0770001FB9A1 /* SnakeGameTests */,
				4D855C1128BD0770001FB9A1 /* SnakeGameUITests */,
				4D855BDC28BD076C001FB9A1 /* Products */,
			);
			sourceTree = "<group>";
		};
		4D855BDC28BD076C001FB9A1 /* Products */ = {
			isa = PBXGroup;
			children = (
				4D855BDB28BD076C001FB9A1 /* SnakeGame.app */,
				4D855BDF28BD076C001FB9A1 /* SnakeGame WatchKit App.app */,
				4D855BEA28BD076F001FB9A1 /* SnakeGame WatchKit Extension.appex */,
				4D855C0428BD0770001FB9A1 /* SnakeGameTests.xctest */,
				4D855C0E28BD0770001FB9A1 /* SnakeGameUITests.xctest */,
			);
			name = Products;
			sourceTree = "<group>";
		};
		4D855BE328BD076C001FB9A1 /* SnakeGame WatchKit App */ = {
			isa = PBXGroup;
			children = (
				4D855BE428BD076F001FB9A1 /* Assets.xcassets */,
			);
			path = "SnakeGame WatchKit App";
			sourceTree = "<group>";
		};
		4D855BEE28BD076F001FB9A1 /* SnakeGame WatchKit Extension */ = {
			isa = PBXGroup;
			children = (
				4D855BEF28BD076F001FB9A1 /* SnakeGameApp.swift */,
				4D855BF128BD076F001FB9A1 /* ContentView.swift */,
				4D855BF328BD076F001FB9A1 /* NotificationController.swift */,
				4D855BF528BD076F001FB9A1 /* NotificationView.swift */,
				4D855BF728BD076F001FB9A1 /* ComplicationController.swift */,
				4D855BF928BD0770001FB9A1 /* Assets.xcassets */,
				4D855BFE28BD0770001FB9A1 /* Info.plist */,
				4D855BFF28BD0770001FB9A1 /* PushNotificationPayload.apns */,
				4D855BFB28BD0770001FB9A1 /* Preview Content */,
			);
			path = "SnakeGame WatchKit Extension";
			sourceTree = "<group>";
		};
		4D855BFB28BD0770001FB9A1 /* Preview Content */ = {
			isa = PBXGroup;
			children = (
				4D855BFC28BD0770001FB9A1 /* Preview Assets.xcassets */,
			);
			path = "Preview Content";
			sourceTree = "<group>";
		};
		4D855C0728BD0770001FB9A1 /* SnakeGameTests */ = {
			isa = PBXGroup;
			children = (
				4D855C0828BD0770001FB9A1 /* SnakeGameTests.swift */,
			);
			path = SnakeGameTests;
			sourceTree = "<group>";
		};
		4D855C1128BD0770001FB9A1 /* SnakeGameUITests */ = {
			isa = PBXGroup;
			children = (
				4D855C1228BD0770001FB9A1 /* SnakeGameUITests.swift */,
				4D855C1428BD0770001FB9A1 /* SnakeGameUITestsLaunchTests.swift */,
			);
			path = SnakeGameUITests;
			sourceTree = "<group>";
		};
/* End PBXGroup section */

/* Begin PBXNativeTarget section */
		4D855BDA28BD076C001FB9A1 /* SnakeGame */ = {
			isa = PBXNativeTarget;
			buildConfigurationList = 4D855C2028BD0770001FB9A1 /* Build configuration list for PBXNativeTarget "SnakeGame" */;
			buildPhases = (
				4D855BD928BD076C001FB9A1 /* Resources */,
				4D855C1F28BD0770001FB9A1 /* Embed Watch Content */,
			);
			buildRules = (
			);
			dependencies = (
				4D855BE228BD076C001FB9A1 /* PBXTargetDependency */,
			);
			name = SnakeGame;
			productName = SnakeGame;
			productReference = 4D855BDB28BD076C001FB9A1 /* SnakeGame.app */;
			productType = "com.apple.product-type.application.watchapp2-container";
		};
		4D855BDE28BD076C001FB9A1 /* SnakeGame WatchKit App */ = {
			isa = PBXNativeTarget;
			buildConfigurationList = 4D855C1C28BD0770001FB9A1 /* Build configuration list for PBXNativeTarget "SnakeGame WatchKit App" */;
			buildPhases = (
				4D855BDD28BD076C001FB9A1 /* Resources */,
				4D855C1B28BD0770001FB9A1 /* Embed App Extensions */,
			);
			buildRules = (
			);
			dependencies = (
				4D855BED28BD076F001FB9A1 /* PBXTargetDependency */,
			);
			name = "SnakeGame WatchKit App";
			productName = "SnakeGame WatchKit App";
			productReference = 4D855BDF28BD076C001FB9A1 /* SnakeGame WatchKit App.app */;
			productType = "com.apple.product-type.application.watchapp2";
		};
		4D855BE928BD076F001FB9A1 /* SnakeGame WatchKit Extension */ = {
			isa = PBXNativeTarget;
			buildConfigurationList = 4D855C1828BD0770001FB9A1 /* Build configuration list for PBXNativeTarget "SnakeGame WatchKit Extension" */;
			buildPhases = (
				4D855BE628BD076F001FB9A1 /* Sources */,
				4D855BE728BD076F001FB9A1 /* Frameworks */,
				4D855BE828BD076F001FB9A1 /* Resources */,
			);
			buildRules = (
			);
			dependencies = (
			);
			name = "SnakeGame WatchKit Extension";
			productName = "SnakeGame WatchKit Extension";
			productReference = 4D855BEA28BD076F001FB9A1 /* SnakeGame WatchKit Extension.appex */;
			productType = "com.apple.product-type.watchkit2-extension";
		};
		4D855C0328BD0770001FB9A1 /* SnakeGameTests */ = {
			isa = PBXNativeTarget;
			buildConfigurationList = 4D855C2328BD0770001FB9A1 /* Build configuration list for PBXNativeTarget "SnakeGameTests" */;
			buildPhases = (
				4D855C0028BD0770001FB9A1 /* Sources */,
				4D855C0128BD0770001FB9A1 /* Frameworks */,
				4D855C0228BD0770001FB9A1 /* Resources */,
			);
			buildRules = (
			);
			dependencies = (
				4D855C0628BD0770001FB9A1 /* PBXTargetDependency */,
			);
			name = SnakeGameTests;
			productName = SnakeGameTests;
			productReference = 4D855C0428BD0770001FB9A1 /* SnakeGameTests.xctest */;
			productType = "com.apple.product-type.bundle.unit-test";
		};
		4D855C0D28BD0770001FB9A1 /* SnakeGameUITests */ = {
			isa = PBXNativeTarget;
			buildConfigurationList = 4D855C2628BD0770001FB9A1 /* Build configuration list for PBXNativeTarget "SnakeGameUITests" */;
			buildPhases = (
				4D855C0A28BD0770001FB9A1 /* Sources */,
				4D855C0B28BD0770001FB9A1 /* Frameworks */,
				4D855C0C28BD0770001FB9A1 /* Resources */,
			);
			buildRules = (
			);
			dependencies = (
				4D855C1028BD0770001FB9A1 /* PBXTargetDependency */,
			);
			name = SnakeGameUITests;
			productName = SnakeGameUITests;
			productReference = 4D855C0E28BD0770001FB9A1 /* SnakeGameUITests.xctest */;
			productType = "com.apple.product-type.bundle.ui-testing";
		};
/* End PBXNativeTarget section */

/* Begin PBXProject section */
		4D855BD528BD076C001FB9A1 /* Project object */ = {
			isa = PBXProject;
			attributes = {
				BuildIndependentTargetsInParallel = 1;
				LastSwiftUpdateCheck = 1340;
				LastUpgradeCheck = 1340;
				TargetAttributes = {
					4D855BDA28BD076C001FB9A1 = {
						CreatedOnToolsVersion = 13.4.1;
					};
					4D855BDE28BD076C001FB9A1 = {
						CreatedOnToolsVersion = 13.4.1;
					};
					4D855BE928BD076F001FB9A1 = {
						CreatedOnToolsVersion = 13.4.1;
					};
					4D855C0328BD0770001FB9A1 = {
						CreatedOnToolsVersion = 13.4.1;
						TestTargetID = 4D855BE928BD076F001FB9A1;
					};
					4D855C0D28BD0770001FB9A1 = {
						CreatedOnToolsVersion = 13.4.1;
						TestTargetID = 4D855BDE28BD076C001FB9A1;
					};
				};
			};
			buildConfigurationList = 4D855BD828BD076C001FB9A1 /* Build configuration list for PBXProject "SnakeGame" */;
			compatibilityVersion = "Xcode 13.0";
			developmentRegion = en;
			hasScannedForEncodings = 0;
			knownRegions = (
				en,
				Base,
			);
			mainGroup = 4D855BD428BD076C001FB9A1;
			productRefGroup = 4D855BDC28BD076C001FB9A1 /* Products */;
			projectDirPath = "";
			projectRoot = "";
			targets = (
				4D855BDA28BD076C001FB9A1 /* SnakeGame */,
				4D855BDE28BD076C001FB9A1 /* SnakeGame WatchKit App */,
				4D855BE928BD076F001FB9A1 /* SnakeGame WatchKit Extension */,
				4D855C0328BD0770001FB9A1 /* SnakeGameTests */,
				4D855C0D28BD0770001FB9A1 /* SnakeGameUITests */,
			);
		};
/* End PBXProject section */

/* Begin PBXResourcesBuildPhase section */
		4D855BD928BD076C001FB9A1 /* Resources */ = {
			isa = PBXResourcesBuildPhase;
			buildActionMask = 2147483647;
			files = (
			);
			runOnlyForDeploymentPostprocessing = 0;
		};
		4D855BDD28BD076C001FB9A1 /* Resources */ = {
			isa = PBXResourcesBuildPhase;
			buildActionMask = 2147483647;
			files = (
				4D855BE528BD076F001FB9A1 /* Assets.xcassets in Resources */,
			);
			runOnlyForDeploymentPostprocessing = 0;
		};
		4D855BE828BD076F001FB9A1 /* Resources */ = {
			isa = PBXResourcesBuildPhase;
			buildActionMask = 2147483647;
			files = (
				4D855BFD28BD0770001FB9A1 /* Preview Assets.xcassets in Resources */,
				4D855BFA28BD0770001FB9A1 /* Assets.xcassets in Resources */,
			);
			runOnlyForDeploymentPostprocessing = 0;
		};
		4D855C0228BD0770001FB9A1 /* Resources */ = {
			isa = PBXResourcesBuildPhase;
			buildActionMask = 2147483647;
			files = (
			);
			runOnlyForDeploymentPostprocessing = 0;
		};
		4D855C0C28BD0770001FB9A1 /* Resources */ = {
			isa = PBXResourcesBuildPhase;
			buildActionMask = 2147483647;
			files = (
			);
			runOnlyForDeploymentPostprocessing = 0;
		};
/* End PBXResourcesBuildPhase section */

/* Begin PBXSourcesBuildPhase section */
		4D855BE628BD076F001FB9A1 /* Sources */ = {
			isa = PBXSourcesBuildPhase;
			buildActionMask = 2147483647;
			files = (
				4D855BF428BD076F001FB9A1 /* NotificationController.swift in Sources */,
				4D855BF228BD076F001FB9A1 /* ContentView.swift in Sources */,
				4D855BF828BD076F001FB9A1 /* ComplicationController.swift in Sources */,
				4D855BF028BD076F001FB9A1 /* SnakeGameApp.swift in Sources */,
				4D855BF628BD076F001FB9A1 /* NotificationView.swift in Sources */,
			);
			runOnlyForDeploymentPostprocessing = 0;
		};
		4D855C0028BD0770001FB9A1 /* Sources */ = {
			isa = PBXSourcesBuildPhase;
			buildActionMask = 2147483647;
			files = (
				4D855C0928BD0770001FB9A1 /* SnakeGameTests.swift in Sources */,
			);
			runOnlyForDeploymentPostprocessing = 0;
		};
		4D855C0A28BD0770001FB9A1 /* Sources */ = {
			isa = PBXSourcesBuildPhase;
			buildActionMask = 2147483647;
			files = (
				4D855C1328BD0770001FB9A1 /* SnakeGameUITests.swift in Sources */,
				4D855C1528BD0770001FB9A1 /* SnakeGameUITestsLaunchTests.swift in Sources */,
			);
			runOnlyForDeploymentPostprocessing = 0;
		};
/* End PBXSourcesBuildPhase section */

/* Begin PBXTargetDependency section */
		4D855BE228BD076C001FB9A1 /* PBXTargetDependency */ = {
			isa = PBXTargetDependency;
			target = 4D855BDE28BD076C001FB9A1 /* SnakeGame WatchKit App */;
			targetProxy = 4D855BE128BD076C001FB9A1 /* PBXContainerItemProxy */;
		};
		4D855BED28BD076F001FB9A1 /* PBXTargetDependency */ = {
			isa = PBXTargetDependency;
			target = 4D855BE928BD076F001FB9A1 /* SnakeGame WatchKit Extension */;
			targetProxy = 4D855BEC28BD076F001FB9A1 /* PBXContainerItemProxy */;
		};
		4D855C0628BD0770001FB9A1 /* PBXTargetDependency */ = {
			isa = PBXTargetDependency;
			target = 4D855BE928BD076F001FB9A1 /* SnakeGame WatchKit Extension */;
			targetProxy = 4D855C0528BD0770001FB9A1 /* PBXContainerItemProxy */;
		};
		4D855C1028BD0770001FB9A1 /* PBXTargetDependency */ = {
			isa = PBXTargetDependency;
			target = 4D855BDE28BD076C001FB9A1 /* SnakeGame WatchKit App */;
			targetProxy = 4D855C0F28BD0770001FB9A1 /* PBXContainerItemProxy */;
		};
/* End PBXTargetDependency section */

/* Begin XCBuildConfiguration section */
		4D855C1628BD0770001FB9A1 /* Debug */ = {
			isa = XCBuildConfiguration;
			buildSettings = {
				ALWAYS_SEARCH_USER_PATHS = NO;
				CLANG_ANALYZER_NONNULL = YES;
				CLANG_ANALYZER_NUMBER_OBJECT_CONVERSION = YES_AGGRESSIVE;
				CLANG_CXX_LANGUAGE_STANDARD = "gnu++17";
				CLANG_ENABLE_MODULES = YES;
				CLANG_ENABLE_OBJC_ARC = YES;
				CLANG_ENABLE_OBJC_WEAK = YES;
				CLANG_WARN_BLOCK_CAPTURE_AUTORELEASING = YES;
				CLANG_WARN_BOOL_CONVERSION = YES;
				CLANG_WARN_COMMA = YES;
				CLANG_WARN_CONSTANT_CONVERSION = YES;
				CLANG_WARN_DEPRECATED_OBJC_IMPLEMENTATIONS = YES;
				CLANG_WARN_DIRECT_OBJC_ISA_USAGE = YES_ERROR;
				CLANG_WARN_DOCUMENTATION_COMMENTS = YES;
				CLANG_WARN_EMPTY_BODY = YES;
				CLANG_WARN_ENUM_CONVERSION = YES;
				CLANG_WARN_INFINITE_RECURSION = YES;
				CLANG_WARN_INT_CONVERSION = YES;
				CLANG_WARN_NON_LITERAL_NULL_CONVERSION = YES;
				CLANG_WARN_OBJC_IMPLICIT_RETAIN_SELF = YES;
				CLANG_WARN_OBJC_LITERAL_CONVERSION = YES;
				CLANG_WARN_OBJC_ROOT_CLASS = YES_ERROR;
				CLANG_WARN_QUOTED_INCLUDE_IN_FRAMEWORK_HEADER = YES;
				CLANG_WARN_RANGE_LOOP_ANALYSIS = YES;
				CLANG_WARN_STRICT_PROTOTYPES = YES;
				CLANG_WARN_SUSPICIOUS_MOVE = YES;
				CLANG_WARN_UNGUARDED_AVAILABILITY = YES_AGGRESSIVE;
				CLANG_WARN_UNREACHABLE_CODE = YES;
				CLANG_WARN__DUPLICATE_METHOD_MATCH = YES;
				COPY_PHASE_STRIP = NO;
				DEBUG_INFORMATION_FORMAT = dwarf;
				ENABLE_STRICT_OBJC_MSGSEND = YES;
				ENABLE_TESTABILITY = YES;
				GCC_C_LANGUAGE_STANDARD = gnu11;
				GCC_DYNAMIC_NO_PIC = NO;
				GCC_NO_COMMON_BLOCKS = YES;
				GCC_OPTIMIZATION_LEVEL = 0;
				GCC_PREPROCESSOR_DEFINITIONS = (
					"DEBUG=1",
					"$(inherited)",
				);
				GCC_WARN_64_TO_32_BIT_CONVERSION = YES;
				GCC_WARN_ABOUT_RETURN_TYPE = YES_ERROR;
				GCC_WARN_UNDECLARED_SELECTOR = YES;
				GCC_WARN_UNINITIALIZED_AUTOS = YES_AGGRESSIVE;
				GCC_WARN_UNUSED_FUNCTION = YES;
				GCC_WARN_UNUSED_VARIABLE = YES;
				MTL_ENABLE_DEBUG_INFO = INCLUDE_SOURCE;
				MTL_FAST_MATH = YES;
				ONLY_ACTIVE_ARCH = YES;
				SDKROOT = iphoneos;
				SWIFT_ACTIVE_COMPILATION_CONDITIONS = DEBUG;
				SWIFT_OPTIMIZATION_LEVEL = "-Onone";
			};
			name = Debug;
		};
		4D855C1728BD0770001FB9A1 /* Release */ = {
			isa = XCBuildConfiguration;
			buildSettings = {
				ALWAYS_SEARCH_USER_PATHS = NO;
				CLANG_ANALYZER_NONNULL = YES;
				CLANG_ANALYZER_NUMBER_OBJECT_CONVERSION = YES_AGGRESSIVE;
				CLANG_CXX_LANGUAGE_STANDARD = "gnu++17";
				CLANG_ENABLE_MODULES = YES;
				CLANG_ENABLE_OBJC_ARC = YES;
				CLANG_ENABLE_OBJC_WEAK = YES;
				CLANG_WARN_BLOCK_CAPTURE_AUTORELEASING = YES;
				CLANG_WARN_BOOL_CONVERSION = YES;
				CLANG_WARN_COMMA = YES;
				CLANG_WARN_CONSTANT_CONVERSION = YES;
				CLANG_WARN_DEPRECATED_OBJC_IMPLEMENTATIONS = YES;
				CLANG_WARN_DIRECT_OBJC_ISA_USAGE = YES_ERROR;
				CLANG_WARN_DOCUMENTATION_COMMENTS = YES;
				CLANG_WARN_EMPTY_BODY = YES;
				CLANG_WARN_ENUM_CONVERSION = YES;
				CLANG_WARN_INFINITE_RECURSION = YES;
				CLANG_WARN_INT_CONVERSION = YES;
				CLANG_WARN_NON_LITERAL_NULL_CONVERSION = YES;
				CLANG_WARN_OBJC_IMPLICIT_RETAIN_SELF = YES;
				CLANG_WARN_OBJC_LITERAL_CONVERSION = YES;
				CLANG_WARN_OBJC_ROOT_CLASS = YES_ERROR;
				CLANG_WARN_QUOTED_INCLUDE_IN_FRAMEWORK_HEADER = YES;
				CLANG_WARN_RANGE_LOOP_ANALYSIS = YES;
				CLANG_WARN_STRICT_PROTOTYPES = YES;
				CLANG_WARN_SUSPICIOUS_MOVE = YES;
				CLANG_WARN_UNGUARDED_AVAILABILITY = YES_AGGRESSIVE;
				CLANG_WARN_UNREACHABLE_CODE = YES;
				CLANG_WARN__DUPLICATE_METHOD_MATCH = YES;
				COPY_PHASE_STRIP = NO;
				DEBUG_INFORMATION_FORMAT = "dwarf-with-dsym";
				ENABLE_NS_ASSERTIONS = NO;
				ENABLE_STRICT_OBJC_MSGSEND = YES;
				GCC_C_LANGUAGE_STANDARD = gnu11;
				GCC_NO_COMMON_BLOCKS = YES;
				GCC_WARN_64_TO_32_BIT_CONVERSION = YES;
				GCC_WARN_ABOUT_RETURN_TYPE = YES_ERROR;
				GCC_WARN_UNDECLARED_SELECTOR = YES;
				GCC_WARN_UNINITIALIZED_AUTOS = YES_AGGRESSIVE;
				GCC_WARN_UNUSED_FUNCTION = YES;
				GCC_WARN_UNUSED_VARIABLE = YES;
				MTL_ENABLE_DEBUG_INFO = NO;
				MTL_FAST_MATH = YES;
				SDKROOT = iphoneos;
				SWIFT_COMPILATION_MODE = wholemodule;
				SWIFT_OPTIMIZATION_LEVEL = "-O";
				VALIDATE_PRODUCT = YES;
			};
			name = Release;
		};
		4D855C1928BD0770001FB9A1 /* Debug */ = {
			isa = XCBuildConfiguration;
			buildSettings = {
				ASSETCATALOG_COMPILER_COMPLICATION_NAME = Complication;
				CODE_SIGN_STYLE = Automatic;
				CURRENT_PROJECT_VERSION = 1;
				DEVELOPMENT_ASSET_PATHS = "\"SnakeGame WatchKit Extension/Preview Content\"";
				ENABLE_PREVIEWS = YES;
				GENERATE_INFOPLIST_FILE = YES;
				INFOPLIST_FILE = "SnakeGame WatchKit Extension/Info.plist";
				INFOPLIST_KEY_CFBundleDisplayName = "SnakeGame WatchKit Extension";
				INFOPLIST_KEY_CLKComplicationPrincipalClass = "$(PRODUCT_MODULE_NAME).ComplicationController";
				INFOPLIST_KEY_NSHumanReadableCopyright = "";
				INFOPLIST_KEY_WKWatchOnly = YES;
				LD_RUNPATH_SEARCH_PATHS = (
					"$(inherited)",
					"@executable_path/Frameworks",
					"@executable_path/../../Frameworks",
				);
				MARKETING_VERSION = 1.0;
				PRODUCT_BUNDLE_IDENTIFIER = darkshanks.SnakeGame.watchkitapp.watchkitextension;
				PRODUCT_NAME = "${TARGET_NAME}";
				SDKROOT = watchos;
				SKIP_INSTALL = YES;
				SWIFT_EMIT_LOC_STRINGS = YES;
				SWIFT_VERSION = 5.0;
				TARGETED_DEVICE_FAMILY = 4;
				WATCHOS_DEPLOYMENT_TARGET = 8.5;
			};
			name = Debug;
		};
		4D855C1A28BD0770001FB9A1 /* Release */ = {
			isa = XCBuildConfiguration;
			buildSettings = {
				ASSETCATALOG_COMPILER_COMPLICATION_NAME = Complication;
				CODE_SIGN_STYLE = Automatic;
				CURRENT_PROJECT_VERSION = 1;
				DEVELOPMENT_ASSET_PATHS = "\"SnakeGame WatchKit Extension/Preview Content\"";
				ENABLE_PREVIEWS = YES;
				GENERATE_INFOPLIST_FILE = YES;
				INFOPLIST_FILE = "SnakeGame WatchKit Extension/Info.plist";
				INFOPLIST_KEY_CFBundleDisplayName = "SnakeGame WatchKit Extension";
				INFOPLIST_KEY_CLKComplicationPrincipalClass = "$(PRODUCT_MODULE_NAME).ComplicationController";
				INFOPLIST_KEY_NSHumanReadableCopyright = "";
				INFOPLIST_KEY_WKWatchOnly = YES;
				LD_RUNPATH_SEARCH_PATHS = (
					"$(inherited)",
					"@executable_path/Frameworks",
					"@executable_path/../../Frameworks",
				);
				MARKETING_VERSION = 1.0;
				PRODUCT_BUNDLE_IDENTIFIER = darkshanks.SnakeGame.watchkitapp.watchkitextension;
				PRODUCT_NAME = "${TARGET_NAME}";
				SDKROOT = watchos;
				SKIP_INSTALL = YES;
				SWIFT_EMIT_LOC_STRINGS = YES;
				SWIFT_VERSION = 5.0;
				TARGETED_DEVICE_FAMILY = 4;
				WATCHOS_DEPLOYMENT_TARGET = 8.5;
			};
			name = Release;
		};
		4D855C1D28BD0770001FB9A1 /* Debug */ = {
			isa = XCBuildConfiguration;
			buildSettings = {
				ALWAYS_EMBED_SWIFT_STANDARD_LIBRARIES = YES;
				ASSETCATALOG_COMPILER_APPICON_NAME = AppIcon;
				ASSETCATALOG_COMPILER_GLOBAL_ACCENT_COLOR_NAME = AccentColor;
				CODE_SIGN_STYLE = Automatic;
				CURRENT_PROJECT_VERSION = 1;
				GENERATE_INFOPLIST_FILE = YES;
				IBSC_MODULE = SnakeGame_WatchKit_Extension;
				INFOPLIST_KEY_CFBundleDisplayName = "SnakeGame WatchKit App";
				INFOPLIST_KEY_UISupportedInterfaceOrientations = "UIInterfaceOrientationPortrait UIInterfaceOrientationPortraitUpsideDown";
				MARKETING_VERSION = 1.0;
				PRODUCT_BUNDLE_IDENTIFIER = darkshanks.SnakeGame.watchkitapp;
				PRODUCT_NAME = "$(TARGET_NAME)";
				SDKROOT = watchos;
				SKIP_INSTALL = YES;
				SWIFT_EMIT_LOC_STRINGS = YES;
				SWIFT_VERSION = 5.0;
				TARGETED_DEVICE_FAMILY = 4;
				WATCHOS_DEPLOYMENT_TARGET = 8.5;
			};
			name = Debug;
		};
		4D855C1E28BD0770001FB9A1 /* Release */ = {
			isa = XCBuildConfiguration;
			buildSettings = {
				ALWAYS_EMBED_SWIFT_STANDARD_LIBRARIES = YES;
				ASSETCATALOG_COMPILER_APPICON_NAME = AppIcon;
				ASSETCATALOG_COMPILER_GLOBAL_ACCENT_COLOR_NAME = AccentColor;
				CODE_SIGN_STYLE = Automatic;
				CURRENT_PROJECT_VERSION = 1;
				GENERATE_INFOPLIST_FILE = YES;
				IBSC_MODULE = SnakeGame_WatchKit_Extension;
				INFOPLIST_KEY_CFBundleDisplayName = "SnakeGame WatchKit App";
				INFOPLIST_KEY_UISupportedInterfaceOrientations = "UIInterfaceOrientationPortrait UIInterfaceOrientationPortraitUpsideDown";
				MARKETING_VERSION = 1.0;
				PRODUCT_BUNDLE_IDENTIFIER = darkshanks.SnakeGame.watchkitapp;
				PRODUCT_NAME = "$(TARGET_NAME)";
				SDKROOT = watchos;
				SKIP_INSTALL = YES;
				SWIFT_EMIT_LOC_STRINGS = YES;
				SWIFT_VERSION = 5.0;
				TARGETED_DEVICE_FAMILY = 4;
				WATCHOS_DEPLOYMENT_TARGET = 8.5;
			};
			name = Release;
		};
		4D855C2128BD0770001FB9A1 /* Debug */ = {
			isa = XCBuildConfiguration;
			buildSettings = {
				CODE_SIGN_STYLE = Automatic;
				CURRENT_PROJECT_VERSION = 1;
				MARKETING_VERSION = 1.0;
				PRODUCT_BUNDLE_IDENTIFIER = darkshanks.SnakeGame;
				PRODUCT_NAME = "$(TARGET_NAME)";
				SWIFT_VERSION = 5.0;
			};
			name = Debug;
		};
		4D855C2228BD0770001FB9A1 /* Release */ = {
			isa = XCBuildConfiguration;
			buildSettings = {
				CODE_SIGN_STYLE = Automatic;
				CURRENT_PROJECT_VERSION = 1;
				MARKETING_VERSION = 1.0;
				PRODUCT_BUNDLE_IDENTIFIER = darkshanks.SnakeGame;
				PRODUCT_NAME = "$(TARGET_NAME)";
				SWIFT_VERSION = 5.0;
			};
			name = Release;
		};
		4D855C2428BD0770001FB9A1 /* Debug */ = {
			isa = XCBuildConfiguration;
			buildSettings = {
				ALWAYS_EMBED_SWIFT_STANDARD_LIBRARIES = YES;
				BUNDLE_LOADER = "$(TEST_HOST)";
				CODE_SIGN_STYLE = Automatic;
				CURRENT_PROJECT_VERSION = 1;
				GENERATE_INFOPLIST_FILE = YES;
				MARKETING_VERSION = 1.0;
				PRODUCT_BUNDLE_IDENTIFIER = darkshanks.SnakeGameTests;
				PRODUCT_NAME = "$(TARGET_NAME)";
				SDKROOT = watchos;
				SWIFT_EMIT_LOC_STRINGS = NO;
				SWIFT_VERSION = 5.0;
				TARGETED_DEVICE_FAMILY = 4;
				TEST_HOST = "$(BUILT_PRODUCTS_DIR)/SnakeGame WatchKit Extension.appex/SnakeGame WatchKit Extension";
				WATCHOS_DEPLOYMENT_TARGET = 8.5;
			};
			name = Debug;
		};
		4D855C2528BD0770001FB9A1 /* Release */ = {
			isa = XCBuildConfiguration;
			buildSettings = {
				ALWAYS_EMBED_SWIFT_STANDARD_LIBRARIES = YES;
				BUNDLE_LOADER = "$(TEST_HOST)";
				CODE_SIGN_STYLE = Automatic;
				CURRENT_PROJECT_VERSION = 1;
				GENERATE_INFOPLIST_FILE = YES;
				MARKETING_VERSION = 1.0;
				PRODUCT_BUNDLE_IDENTIFIER = darkshanks.SnakeGameTests;
				PRODUCT_NAME = "$(TARGET_NAME)";
				SDKROOT = watchos;
				SWIFT_EMIT_LOC_STRINGS = NO;
				SWIFT_VERSION = 5.0;
				TARGETED_DEVICE_FAMILY = 4;
				TEST_HOST = "$(BUILT_PRODUCTS_DIR)/SnakeGame WatchKit Extension.appex/SnakeGame WatchKit Extension";
				WATCHOS_DEPLOYMENT_TARGET = 8.5;
			};
			name = Release;
		};
		4D855C2728BD0770001FB9A1 /* Debug */ = {
			isa = XCBuildConfiguration;
			buildSettings = {
				CODE_SIGN_STYLE = Automatic;
				CURRENT_PROJECT_VERSION = 1;
				GENERATE_INFOPLIST_FILE = YES;
				MARKETING_VERSION = 1.0;
				PRODUCT_BUNDLE_IDENTIFIER = darkshanks.SnakeGameUITests;
				PRODUCT_NAME = "$(TARGET_NAME)";
				SDKROOT = watchos;
				SWIFT_EMIT_LOC_STRINGS = NO;
				SWIFT_VERSION = 5.0;
				TARGETED_DEVICE_FAMILY = 4;
				TEST_TARGET_NAME = "SnakeGame WatchKit App";
				WATCHOS_DEPLOYMENT_TARGET = 8.5;
			};
			name = Debug;
		};
		4D855C2828BD0770001FB9A1 /* Release */ = {
			isa = XCBuildConfiguration;
			buildSettings = {
				CODE_SIGN_STYLE = Automatic;
				CURRENT_PROJECT_VERSION = 1;
				GENERATE_INFOPLIST_FILE = YES;
				MARKETING_VERSION = 1.0;
				PRODUCT_BUNDLE_IDENTIFIER = darkshanks.SnakeGameUITests;
				PRODUCT_NAME = "$(TARGET_NAME)";
				SDKROOT = watchos;
				SWIFT_EMIT_LOC_STRINGS = NO;
				SWIFT_VERSION = 5.0;
				TARGETED_DEVICE_FAMILY = 4;
				TEST_TARGET_NAME = "SnakeGame WatchKit App";
				WATCHOS_DEPLOYMENT_TARGET = 8.5;
			};
			name = Release;
		};
/* End XCBuildConfiguration section */

/* Begin XCConfigurationList section */
		4D855BD828BD076C001FB9A1 /* Build configuration list for PBXProject "SnakeGame" */ = {
			isa = XCConfigurationList;
			buildConfigurations = (
				4D855C1628BD0770001FB9A1 /* Debug */,
				4D855C1728BD0770001FB9A1 /* Release */,
			);
			defaultConfigurationIsVisible = 0;
			defaultConfigurationName = Release;
		};
		4D855C1828BD0770001FB9A1 /* Build configuration list for PBXNativeTarget "SnakeGame WatchKit Extension" */ = {
			isa = XCConfigurationList;
			buildConfigurations = (
				4D855C1928BD0770001FB9A1 /* Debug */,
				4D855C1A28BD0770001FB9A1 /* Release */,
			);
			defaultConfigurationIsVisible = 0;
			defaultConfigurationName = Release;
		};
		4D855C1C28BD0770001FB9A1 /* Build configuration list for PBXNativeTarget "SnakeGame WatchKit App" */ = {
			isa = XCConfigurationList;
			buildConfigurations = (
				4D855C1D28BD0770001FB9A1 /* Debug */,
				4D855C1E28BD0770001FB9A1 /* Release */,
			);
			defaultConfigurationIsVisible = 0;
			defaultConfigurationName = Release;
		};
		4D855C2028BD0770001FB9A1 /* Build configuration list for PBXNativeTarget "SnakeGame" */ = {
			isa = XCConfigurationList;
			buildConfigurations = (
				4D855C2128BD0770001FB9A1 /* Debug */,
				4D855C2228BD0770001FB9A1 /* Release */,
			);
			defaultConfigurationIsVisible = 0;
			defaultConfigurationName = Release;
		};
		4D855C2328BD0770001FB9A1 /* Build configuration list for PBXNativeTarget "SnakeGameTests" */ = {
			isa = XCConfigurationList;
			buildConfigurations = (
				4D855C2428BD0770001FB9A1 /* Debug */,
				4D855C2528BD0770001FB9A1 /* Release */,
			);
			defaultConfigurationIsVisible = 0;
			defaultConfigurationName = Release;
		};
		4D855C2628BD0770001FB9A1 /* Build configuration list for PBXNativeTarget "SnakeGameUITests" */ = {
			isa = XCConfigurationList;
			buildConfigurations = (
				4D855C2728BD0770001FB9A1 /* Debug */,
				4D855C2828BD0770001FB9A1 /* Release */,
			);
			defaultConfigurationIsVisible = 0;
			defaultConfigurationName = Release;
		};
/* End XCConfigurationList section */
	};
	rootObject = 4D855BD528BD076C001FB9A1 /* Project object */;
}
